// !$*UTF8*$!
{
	archiveVersion = 1;
	classes = {
	};
	objectVersion = 56;
	objects = {

/* Begin PBXBuildFile section */
		0E3F6CB12B58475900F71642 /* habitosApp.swift in Sources */ = {isa = PBXBuildFile; fileRef = 0E3F6CB02B58475900F71642 /* habitosApp.swift */; };
		0E3F6CB32B58475900F71642 /* ContentView.swift in Sources */ = {isa = PBXBuildFile; fileRef = 0E3F6CB22B58475900F71642 /* ContentView.swift */; };
		0E3F6CB52B58475A00F71642 /* Assets.xcassets in Resources */ = {isa = PBXBuildFile; fileRef = 0E3F6CB42B58475A00F71642 /* Assets.xcassets */; };
		0E3F6CB82B58475A00F71642 /* Preview Assets.xcassets in Resources */ = {isa = PBXBuildFile; fileRef = 0E3F6CB72B58475A00F71642 /* Preview Assets.xcassets */; };
		0E3F6CBF2B5847C000F71642 /* Coordinator.swift in Sources */ = {isa = PBXBuildFile; fileRef = 0E3F6CBE2B5847C000F71642 /* Coordinator.swift */; };
		0E3F6CC12B58480800F71642 /* UICalendarViewRepresentable.swift in Sources */ = {isa = PBXBuildFile; fileRef = 0E3F6CC02B58480800F71642 /* UICalendarViewRepresentable.swift */; };
		0E3F6CC42B58487800F71642 /* Habit.swift in Sources */ = {isa = PBXBuildFile; fileRef = 0E3F6CC32B58487800F71642 /* Habit.swift */; };
		0E3F6CD02B58494800F71642 /* HabitDetailView.swift in Sources */ = {isa = PBXBuildFile; fileRef = 0E3F6CC92B58494800F71642 /* HabitDetailView.swift */; };
		0E3F6CD12B58494800F71642 /* HabitsMainView.swift in Sources */ = {isa = PBXBuildFile; fileRef = 0E3F6CCA2B58494800F71642 /* HabitsMainView.swift */; };
		0E3F6CD22B58494800F71642 /* HabitRowView.swift in Sources */ = {isa = PBXBuildFile; fileRef = 0E3F6CCB2B58494800F71642 /* HabitRowView.swift */; };
		0E3F6CD32B58494800F71642 /* NewHabitView.swift in Sources */ = {isa = PBXBuildFile; fileRef = 0E3F6CCC2B58494800F71642 /* NewHabitView.swift */; };
		0E3F6CD42B58494800F71642 /* HabitsViewModel.swift in Sources */ = {isa = PBXBuildFile; fileRef = 0E3F6CCD2B58494800F71642 /* HabitsViewModel.swift */; };
		0E3F6CD52B58494800F71642 /* LeaderboardView.swift in Sources */ = {isa = PBXBuildFile; fileRef = 0E3F6CCF2B58494800F71642 /* LeaderboardView.swift */; };
		0E3F6CDD2B58497B00F71642 /* HabitLocalService.swift in Sources */ = {isa = PBXBuildFile; fileRef = 0E3F6CD92B58497B00F71642 /* HabitLocalService.swift */; };
		0E3F6CDE2B58497B00F71642 /* UserDefaultsHabitLocalService.swift in Sources */ = {isa = PBXBuildFile; fileRef = 0E3F6CDA2B58497B00F71642 /* UserDefaultsHabitLocalService.swift */; };
		0E3F6CDF2B58497B00F71642 /* HabitsRepository.swift in Sources */ = {isa = PBXBuildFile; fileRef = 0E3F6CDC2B58497B00F71642 /* HabitsRepository.swift */; };
		0ED436902B58AFFA006DA909 /* EditHabitView.swift in Sources */ = {isa = PBXBuildFile; fileRef = 0ED4368F2B58AFFA006DA909 /* EditHabitView.swift */; };
/* End PBXBuildFile section */

/* Begin PBXFileReference section */
		0E3F6CAD2B58475900F71642 /* habitos.app */ = {isa = PBXFileReference; explicitFileType = wrapper.application; includeInIndex = 0; path = habitos.app; sourceTree = BUILT_PRODUCTS_DIR; };
		0E3F6CB02B58475900F71642 /* habitosApp.swift */ = {isa = PBXFileReference; lastKnownFileType = sourcecode.swift; path = habitosApp.swift; sourceTree = "<group>"; };
		0E3F6CB22B58475900F71642 /* ContentView.swift */ = {isa = PBXFileReference; lastKnownFileType = sourcecode.swift; path = ContentView.swift; sourceTree = "<group>"; };
		0E3F6CB42B58475A00F71642 /* Assets.xcassets */ = {isa = PBXFileReference; lastKnownFileType = folder.assetcatalog; path = Assets.xcassets; sourceTree = "<group>"; };
		0E3F6CB72B58475A00F71642 /* Preview Assets.xcassets */ = {isa = PBXFileReference; lastKnownFileType = folder.assetcatalog; path = "Preview Assets.xcassets"; sourceTree = "<group>"; };
		0E3F6CBE2B5847C000F71642 /* Coordinator.swift */ = {isa = PBXFileReference; lastKnownFileType = sourcecode.swift; path = Coordinator.swift; sourceTree = "<group>"; };
		0E3F6CC02B58480800F71642 /* UICalendarViewRepresentable.swift */ = {isa = PBXFileReference; lastKnownFileType = sourcecode.swift; path = UICalendarViewRepresentable.swift; sourceTree = "<group>"; };
		0E3F6CC32B58487800F71642 /* Habit.swift */ = {isa = PBXFileReference; lastKnownFileType = sourcecode.swift; path = Habit.swift; sourceTree = "<group>"; };
		0E3F6CC92B58494800F71642 /* HabitDetailView.swift */ = {isa = PBXFileReference; fileEncoding = 4; lastKnownFileType = sourcecode.swift; path = HabitDetailView.swift; sourceTree = "<group>"; };
		0E3F6CCA2B58494800F71642 /* HabitsMainView.swift */ = {isa = PBXFileReference; fileEncoding = 4; lastKnownFileType = sourcecode.swift; path = HabitsMainView.swift; sourceTree = "<group>"; };
		0E3F6CCB2B58494800F71642 /* HabitRowView.swift */ = {isa = PBXFileReference; fileEncoding = 4; lastKnownFileType = sourcecode.swift; path = HabitRowView.swift; sourceTree = "<group>"; };
		0E3F6CCC2B58494800F71642 /* NewHabitView.swift */ = {isa = PBXFileReference; fileEncoding = 4; lastKnownFileType = sourcecode.swift; path = NewHabitView.swift; sourceTree = "<group>"; };
		0E3F6CCD2B58494800F71642 /* HabitsViewModel.swift */ = {isa = PBXFileReference; fileEncoding = 4; lastKnownFileType = sourcecode.swift; path = HabitsViewModel.swift; sourceTree = "<group>"; };
		0E3F6CCF2B58494800F71642 /* LeaderboardView.swift */ = {isa = PBXFileReference; fileEncoding = 4; lastKnownFileType = sourcecode.swift; path = LeaderboardView.swift; sourceTree = "<group>"; };
		0E3F6CD92B58497B00F71642 /* HabitLocalService.swift */ = {isa = PBXFileReference; fileEncoding = 4; lastKnownFileType = sourcecode.swift; path = HabitLocalService.swift; sourceTree = "<group>"; };
		0E3F6CDA2B58497B00F71642 /* UserDefaultsHabitLocalService.swift */ = {isa = PBXFileReference; fileEncoding = 4; lastKnownFileType = sourcecode.swift; path = UserDefaultsHabitLocalService.swift; sourceTree = "<group>"; };
		0E3F6CDC2B58497B00F71642 /* HabitsRepository.swift */ = {isa = PBXFileReference; fileEncoding = 4; lastKnownFileType = sourcecode.swift; path = HabitsRepository.swift; sourceTree = "<group>"; };
		0ED4368F2B58AFFA006DA909 /* EditHabitView.swift */ = {isa = PBXFileReference; lastKnownFileType = sourcecode.swift; path = EditHabitView.swift; sourceTree = "<group>"; };
/* End PBXFileReference section */

/* Begin PBXFrameworksBuildPhase section */
		0E3F6CAA2B58475900F71642 /* Frameworks */ = {
			isa = PBXFrameworksBuildPhase;
			buildActionMask = 2147483647;
			files = (
			);
			runOnlyForDeploymentPostprocessing = 0;
		};
/* End PBXFrameworksBuildPhase section */

/* Begin PBXGroup section */
		0E3F6CA42B58475900F71642 = {
			isa = PBXGroup;
			children = (
				0E3F6CAF2B58475900F71642 /* habitos */,
				0E3F6CAE2B58475900F71642 /* Products */,
			);
			sourceTree = "<group>";
		};
		0E3F6CAE2B58475900F71642 /* Products */ = {
			isa = PBXGroup;
			children = (
				0E3F6CAD2B58475900F71642 /* habitos.app */,
			);
			name = Products;
			sourceTree = "<group>";
		};
		0E3F6CAF2B58475900F71642 /* habitos */ = {
			isa = PBXGroup;
			children = (
				0E3F6CDB2B58497B00F71642 /* Repositories */,
				0E3F6CD62B58497B00F71642 /* Services */,
				0E3F6CC22B58486600F71642 /* Entities */,
				0E3F6CC52B58491200F71642 /* Features */,
				0E3F6CB02B58475900F71642 /* habitosApp.swift */,
				0E3F6CB22B58475900F71642 /* ContentView.swift */,
				0E3F6CBE2B5847C000F71642 /* Coordinator.swift */,
				0E3F6CB42B58475A00F71642 /* Assets.xcassets */,
				0E3F6CB62B58475A00F71642 /* Preview Content */,
				0E3F6CC02B58480800F71642 /* UICalendarViewRepresentable.swift */,
			);
			path = habitos;
			sourceTree = "<group>";
		};
		0E3F6CB62B58475A00F71642 /* Preview Content */ = {
			isa = PBXGroup;
			children = (
				0E3F6CB72B58475A00F71642 /* Preview Assets.xcassets */,
			);
			path = "Preview Content";
			sourceTree = "<group>";
		};
		0E3F6CC22B58486600F71642 /* Entities */ = {
			isa = PBXGroup;
			children = (
				0E3F6CC32B58487800F71642 /* Habit.swift */,
			);
			path = Entities;
			sourceTree = "<group>";
		};
		0E3F6CC52B58491200F71642 /* Features */ = {
			isa = PBXGroup;
			children = (
				0E3F6CC62B58491C00F71642 /* Habits */,
			);
			path = Features;
			sourceTree = "<group>";
		};
		0E3F6CC62B58491C00F71642 /* Habits */ = {
			isa = PBXGroup;
			children = (
				0E3F6CC72B58494800F71642 /* Features */,
			);
			path = Habits;
			sourceTree = "<group>";
		};
		0E3F6CC72B58494800F71642 /* Features */ = {
			isa = PBXGroup;
			children = (
				0E3F6CC82B58494800F71642 /* Habits */,
				0E3F6CCE2B58494800F71642 /* Leaderboard */,
			);
			path = Features;
			sourceTree = "<group>";
		};
		0E3F6CC82B58494800F71642 /* Habits */ = {
			isa = PBXGroup;
			children = (
				0E3F6CC92B58494800F71642 /* HabitDetailView.swift */,
				0E3F6CCA2B58494800F71642 /* HabitsMainView.swift */,
				0E3F6CCB2B58494800F71642 /* HabitRowView.swift */,
				0E3F6CCC2B58494800F71642 /* NewHabitView.swift */,
				0E3F6CCD2B58494800F71642 /* HabitsViewModel.swift */,
				0ED4368F2B58AFFA006DA909 /* EditHabitView.swift */,
			);
			path = Habits;
			sourceTree = "<group>";
		};
		0E3F6CCE2B58494800F71642 /* Leaderboard */ = {
			isa = PBXGroup;
			children = (
				0E3F6CCF2B58494800F71642 /* LeaderboardView.swift */,
			);
			path = Leaderboard;
			sourceTree = "<group>";
		};
		0E3F6CD62B58497B00F71642 /* Services */ = {
			isa = PBXGroup;
			children = (
				0E3F6CD72B58497B00F71642 /* Habits */,
			);
			path = Services;
			sourceTree = "<group>";
		};
		0E3F6CD72B58497B00F71642 /* Habits */ = {
			isa = PBXGroup;
			children = (
				0E3F6CD82B58497B00F71642 /* Local */,
			);
			path = Habits;
			sourceTree = "<group>";
		};
		0E3F6CD82B58497B00F71642 /* Local */ = {
			isa = PBXGroup;
			children = (
				0E3F6CD92B58497B00F71642 /* HabitLocalService.swift */,
				0E3F6CDA2B58497B00F71642 /* UserDefaultsHabitLocalService.swift */,
			);
			path = Local;
			sourceTree = "<group>";
		};
		0E3F6CDB2B58497B00F71642 /* Repositories */ = {
			isa = PBXGroup;
			children = (
				0E3F6CDC2B58497B00F71642 /* HabitsRepository.swift */,
			);
			path = Repositories;
			sourceTree = "<group>";
		};
/* End PBXGroup section */

/* Begin PBXNativeTarget section */
		0E3F6CAC2B58475900F71642 /* habitos */ = {
			isa = PBXNativeTarget;
			buildConfigurationList = 0E3F6CBB2B58475A00F71642 /* Build configuration list for PBXNativeTarget "habitos" */;
			buildPhases = (
				0E3F6CA92B58475900F71642 /* Sources */,
				0E3F6CAA2B58475900F71642 /* Frameworks */,
				0E3F6CAB2B58475900F71642 /* Resources */,
			);
			buildRules = (
			);
			dependencies = (
			);
			name = habitos;
			productName = habitos;
			productReference = 0E3F6CAD2B58475900F71642 /* habitos.app */;
			productType = "com.apple.product-type.application";
		};
/* End PBXNativeTarget section */

/* Begin PBXProject section */
		0E3F6CA52B58475900F71642 /* Project object */ = {
			isa = PBXProject;
			attributes = {
				BuildIndependentTargetsInParallel = 1;
				LastSwiftUpdateCheck = 1520;
				LastUpgradeCheck = 1520;
				TargetAttributes = {
					0E3F6CAC2B58475900F71642 = {
						CreatedOnToolsVersion = 15.2;
					};
				};
			};
			buildConfigurationList = 0E3F6CA82B58475900F71642 /* Build configuration list for PBXProject "habitos" */;
			compatibilityVersion = "Xcode 14.0";
			developmentRegion = en;
			hasScannedForEncodings = 0;
			knownRegions = (
				en,
				Base,
			);
			mainGroup = 0E3F6CA42B58475900F71642;
			productRefGroup = 0E3F6CAE2B58475900F71642 /* Products */;
			projectDirPath = "";
			projectRoot = "";
			targets = (
				0E3F6CAC2B58475900F71642 /* habitos */,
			);
		};
/* End PBXProject section */

/* Begin PBXResourcesBuildPhase section */
		0E3F6CAB2B58475900F71642 /* Resources */ = {
			isa = PBXResourcesBuildPhase;
			buildActionMask = 2147483647;
			files = (
				0E3F6CB82B58475A00F71642 /* Preview Assets.xcassets in Resources */,
				0E3F6CB52B58475A00F71642 /* Assets.xcassets in Resources */,
			);
			runOnlyForDeploymentPostprocessing = 0;
		};
/* End PBXResourcesBuildPhase section */

/* Begin PBXSourcesBuildPhase section */
		0E3F6CA92B58475900F71642 /* Sources */ = {
			isa = PBXSourcesBuildPhase;
			buildActionMask = 2147483647;
			files = (
				0E3F6CD22B58494800F71642 /* HabitRowView.swift in Sources */,
				0E3F6CB32B58475900F71642 /* ContentView.swift in Sources */,
				0E3F6CC42B58487800F71642 /* Habit.swift in Sources */,
				0E3F6CD02B58494800F71642 /* HabitDetailView.swift in Sources */,
				0E3F6CC12B58480800F71642 /* UICalendarViewRepresentable.swift in Sources */,
				0E3F6CD42B58494800F71642 /* HabitsViewModel.swift in Sources */,
				0E3F6CDD2B58497B00F71642 /* HabitLocalService.swift in Sources */,
				0E3F6CD12B58494800F71642 /* HabitsMainView.swift in Sources */,
				0ED436902B58AFFA006DA909 /* EditHabitView.swift in Sources */,
				0E3F6CD52B58494800F71642 /* LeaderboardView.swift in Sources */,
				0E3F6CDE2B58497B00F71642 /* UserDefaultsHabitLocalService.swift in Sources */,
				0E3F6CDF2B58497B00F71642 /* HabitsRepository.swift in Sources */,
				0E3F6CD32B58494800F71642 /* NewHabitView.swift in Sources */,
				0E3F6CB12B58475900F71642 /* habitosApp.swift in Sources */,
				0E3F6CBF2B5847C000F71642 /* Coordinator.swift in Sources */,
			);
			runOnlyForDeploymentPostprocessing = 0;
		};
/* End PBXSourcesBuildPhase section */

/* Begin XCBuildConfiguration section */
		0E3F6CB92B58475A00F71642 /* Debug */ = {
			isa = XCBuildConfiguration;
			buildSettings = {
				ALWAYS_SEARCH_USER_PATHS = NO;
				ASSETCATALOG_COMPILER_GENERATE_SWIFT_ASSET_SYMBOL_EXTENSIONS = YES;
				CLANG_ANALYZER_NONNULL = YES;
				CLANG_ANALYZER_NUMBER_OBJECT_CONVERSION = YES_AGGRESSIVE;
				CLANG_CXX_LANGUAGE_STANDARD = "gnu++20";
				CLANG_ENABLE_MODULES = YES;
				CLANG_ENABLE_OBJC_ARC = YES;
				CLANG_ENABLE_OBJC_WEAK = YES;
				CLANG_WARN_BLOCK_CAPTURE_AUTORELEASING = YES;
				CLANG_WARN_BOOL_CONVERSION = YES;
				CLANG_WARN_COMMA = YES;
				CLANG_WARN_CONSTANT_CONVERSION = YES;
				CLANG_WARN_DEPRECATED_OBJC_IMPLEMENTATIONS = YES;
				CLANG_WARN_DIRECT_OBJC_ISA_USAGE = YES_ERROR;
				CLANG_WARN_DOCUMENTATION_COMMENTS = YES;
				CLANG_WARN_EMPTY_BODY = YES;
				CLANG_WARN_ENUM_CONVERSION = YES;
				CLANG_WARN_INFINITE_RECURSION = YES;
				CLANG_WARN_INT_CONVERSION = YES;
				CLANG_WARN_NON_LITERAL_NULL_CONVERSION = YES;
				CLANG_WARN_OBJC_IMPLICIT_RETAIN_SELF = YES;
				CLANG_WARN_OBJC_LITERAL_CONVERSION = YES;
				CLANG_WARN_OBJC_ROOT_CLASS = YES_ERROR;
				CLANG_WARN_QUOTED_INCLUDE_IN_FRAMEWORK_HEADER = YES;
				CLANG_WARN_RANGE_LOOP_ANALYSIS = YES;
				CLANG_WARN_STRICT_PROTOTYPES = YES;
				CLANG_WARN_SUSPICIOUS_MOVE = YES;
				CLANG_WARN_UNGUARDED_AVAILABILITY = YES_AGGRESSIVE;
				CLANG_WARN_UNREACHABLE_CODE = YES;
				CLANG_WARN__DUPLICATE_METHOD_MATCH = YES;
				COPY_PHASE_STRIP = NO;
				DEBUG_INFORMATION_FORMAT = dwarf;
				ENABLE_STRICT_OBJC_MSGSEND = YES;
				ENABLE_TESTABILITY = YES;
				ENABLE_USER_SCRIPT_SANDBOXING = YES;
				GCC_C_LANGUAGE_STANDARD = gnu17;
				GCC_DYNAMIC_NO_PIC = NO;
				GCC_NO_COMMON_BLOCKS = YES;
				GCC_OPTIMIZATION_LEVEL = 0;
				GCC_PREPROCESSOR_DEFINITIONS = (
					"DEBUG=1",
					"$(inherited)",
				);
				GCC_WARN_64_TO_32_BIT_CONVERSION = YES;
				GCC_WARN_ABOUT_RETURN_TYPE = YES_ERROR;
				GCC_WARN_UNDECLARED_SELECTOR = YES;
				GCC_WARN_UNINITIALIZED_AUTOS = YES_AGGRESSIVE;
				GCC_WARN_UNUSED_FUNCTION = YES;
				GCC_WARN_UNUSED_VARIABLE = YES;
				IPHONEOS_DEPLOYMENT_TARGET = 17.2;
				LOCALIZATION_PREFERS_STRING_CATALOGS = YES;
				MTL_ENABLE_DEBUG_INFO = INCLUDE_SOURCE;
				MTL_FAST_MATH = YES;
				ONLY_ACTIVE_ARCH = YES;
				SDKROOT = iphoneos;
				SWIFT_ACTIVE_COMPILATION_CONDITIONS = "DEBUG $(inherited)";
				SWIFT_OPTIMIZATION_LEVEL = "-Onone";
			};
			name = Debug;
		};
		0E3F6CBA2B58475A00F71642 /* Release */ = {
			isa = XCBuildConfiguration;
			buildSettings = {
				ALWAYS_SEARCH_USER_PATHS = NO;
				ASSETCATALOG_COMPILER_GENERATE_SWIFT_ASSET_SYMBOL_EXTENSIONS = YES;
				CLANG_ANALYZER_NONNULL = YES;
				CLANG_ANALYZER_NUMBER_OBJECT_CONVERSION = YES_AGGRESSIVE;
				CLANG_CXX_LANGUAGE_STANDARD = "gnu++20";
				CLANG_ENABLE_MODULES = YES;
				CLANG_ENABLE_OBJC_ARC = YES;
				CLANG_ENABLE_OBJC_WEAK = YES;
				CLANG_WARN_BLOCK_CAPTURE_AUTORELEASING = YES;
				CLANG_WARN_BOOL_CONVERSION = YES;
				CLANG_WARN_COMMA = YES;
				CLANG_WARN_CONSTANT_CONVERSION = YES;
				CLANG_WARN_DEPRECATED_OBJC_IMPLEMENTATIONS = YES;
				CLANG_WARN_DIRECT_OBJC_ISA_USAGE = YES_ERROR;
				CLANG_WARN_DOCUMENTATION_COMMENTS = YES;
				CLANG_WARN_EMPTY_BODY = YES;
				CLANG_WARN_ENUM_CONVERSION = YES;
				CLANG_WARN_INFINITE_RECURSION = YES;
				CLANG_WARN_INT_CONVERSION = YES;
				CLANG_WARN_NON_LITERAL_NULL_CONVERSION = YES;
				CLANG_WARN_OBJC_IMPLICIT_RETAIN_SELF = YES;
				CLANG_WARN_OBJC_LITERAL_CONVERSION = YES;
				CLANG_WARN_OBJC_ROOT_CLASS = YES_ERROR;
				CLANG_WARN_QUOTED_INCLUDE_IN_FRAMEWORK_HEADER = YES;
				CLANG_WARN_RANGE_LOOP_ANALYSIS = YES;
				CLANG_WARN_STRICT_PROTOTYPES = YES;
				CLANG_WARN_SUSPICIOUS_MOVE = YES;
				CLANG_WARN_UNGUARDED_AVAILABILITY = YES_AGGRESSIVE;
				CLANG_WARN_UNREACHABLE_CODE = YES;
				CLANG_WARN__DUPLICATE_METHOD_MATCH = YES;
				COPY_PHASE_STRIP = NO;
				DEBUG_INFORMATION_FORMAT = "dwarf-with-dsym";
				ENABLE_NS_ASSERTIONS = NO;
				ENABLE_STRICT_OBJC_MSGSEND = YES;
				ENABLE_USER_SCRIPT_SANDBOXING = YES;
				GCC_C_LANGUAGE_STANDARD = gnu17;
				GCC_NO_COMMON_BLOCKS = YES;
				GCC_WARN_64_TO_32_BIT_CONVERSION = YES;
				GCC_WARN_ABOUT_RETURN_TYPE = YES_ERROR;
				GCC_WARN_UNDECLARED_SELECTOR = YES;
				GCC_WARN_UNINITIALIZED_AUTOS = YES_AGGRESSIVE;
				GCC_WARN_UNUSED_FUNCTION = YES;
				GCC_WARN_UNUSED_VARIABLE = YES;
				IPHONEOS_DEPLOYMENT_TARGET = 17.2;
				LOCALIZATION_PREFERS_STRING_CATALOGS = YES;
				MTL_ENABLE_DEBUG_INFO = NO;
				MTL_FAST_MATH = YES;
				SDKROOT = iphoneos;
				SWIFT_COMPILATION_MODE = wholemodule;
				VALIDATE_PRODUCT = YES;
			};
			name = Release;
		};
		0E3F6CBC2B58475A00F71642 /* Debug */ = {
			isa = XCBuildConfiguration;
			buildSettings = {
				ASSETCATALOG_COMPILER_APPICON_NAME = AppIcon;
				ASSETCATALOG_COMPILER_GLOBAL_ACCENT_COLOR_NAME = AccentColor;
				CODE_SIGN_STYLE = Automatic;
				CURRENT_PROJECT_VERSION = 1;
				DEVELOPMENT_ASSET_PATHS = "\"habitos/Preview Content\"";
				DEVELOPMENT_TEAM = SYW6Q3S989;
				ENABLE_PREVIEWS = YES;
				GENERATE_INFOPLIST_FILE = YES;
				INFOPLIST_KEY_UIApplicationSceneManifest_Generation = YES;
				INFOPLIST_KEY_UIApplicationSupportsIndirectInputEvents = YES;
				INFOPLIST_KEY_UILaunchScreen_Generation = YES;
				INFOPLIST_KEY_UISupportedInterfaceOrientations_iPad = "UIInterfaceOrientationPortrait UIInterfaceOrientationPortraitUpsideDown UIInterfaceOrientationLandscapeLeft UIInterfaceOrientationLandscapeRight";
				INFOPLIST_KEY_UISupportedInterfaceOrientations_iPhone = "UIInterfaceOrientationPortrait UIInterfaceOrientationLandscapeLeft UIInterfaceOrientationLandscapeRight";
				LD_RUNPATH_SEARCH_PATHS = (
					"$(inherited)",
					"@executable_path/Frameworks",
				);
				MARKETING_VERSION = 1.0;
				PRODUCT_BUNDLE_IDENTIFIER = com.vicalmun.habitos.habitos;
				PRODUCT_NAME = "$(TARGET_NAME)";
				SWIFT_EMIT_LOC_STRINGS = YES;
				SWIFT_VERSION = 5.0;
				TARGETED_DEVICE_FAMILY = "1,2";
			};
			name = Debug;
		};
		0E3F6CBD2B58475A00F71642 /* Release */ = {
			isa = XCBuildConfiguration;
			buildSettings = {
				ASSETCATALOG_COMPILER_APPICON_NAME = AppIcon;
				ASSETCATALOG_COMPILER_GLOBAL_ACCENT_COLOR_NAME = AccentColor;
				CODE_SIGN_STYLE = Automatic;
				CURRENT_PROJECT_VERSION = 1;
				DEVELOPMENT_ASSET_PATHS = "\"habitos/Preview Content\"";
				DEVELOPMENT_TEAM = SYW6Q3S989;
				ENABLE_PREVIEWS = YES;
				GENERATE_INFOPLIST_FILE = YES;
				INFOPLIST_KEY_UIApplicationSceneManifest_Generation = YES;
				INFOPLIST_KEY_UIApplicationSupportsIndirectInputEvents = YES;
				INFOPLIST_KEY_UILaunchScreen_Generation = YES;
				INFOPLIST_KEY_UISupportedInterfaceOrientations_iPad = "UIInterfaceOrientationPortrait UIInterfaceOrientationPortraitUpsideDown UIInterfaceOrientationLandscapeLeft UIInterfaceOrientationLandscapeRight";
				INFOPLIST_KEY_UISupportedInterfaceOrientations_iPhone = "UIInterfaceOrientationPortrait UIInterfaceOrientationLandscapeLeft UIInterfaceOrientationLandscapeRight";
				LD_RUNPATH_SEARCH_PATHS = (
					"$(inherited)",
					"@executable_path/Frameworks",
				);
				MARKETING_VERSION = 1.0;
				PRODUCT_BUNDLE_IDENTIFIER = com.vicalmun.habitos.habitos;
				PRODUCT_NAME = "$(TARGET_NAME)";
				SWIFT_EMIT_LOC_STRINGS = YES;
				SWIFT_VERSION = 5.0;
				TARGETED_DEVICE_FAMILY = "1,2";
			};
			name = Release;
		};
/* End XCBuildConfiguration section */

/* Begin XCConfigurationList section */
		0E3F6CA82B58475900F71642 /* Build configuration list for PBXProject "habitos" */ = {
			isa = XCConfigurationList;
			buildConfigurations = (
				0E3F6CB92B58475A00F71642 /* Debug */,
				0E3F6CBA2B58475A00F71642 /* Release */,
			);
			defaultConfigurationIsVisible = 0;
			defaultConfigurationName = Release;
		};
		0E3F6CBB2B58475A00F71642 /* Build configuration list for PBXNativeTarget "habitos" */ = {
			isa = XCConfigurationList;
			buildConfigurations = (
				0E3F6CBC2B58475A00F71642 /* Debug */,
				0E3F6CBD2B58475A00F71642 /* Release */,
			);
			defaultConfigurationIsVisible = 0;
			defaultConfigurationName = Release;
		};
/* End XCConfigurationList section */
	};
	rootObject = 0E3F6CA52B58475900F71642 /* Project object */;
}
